{
    "version": 3,
    "terraform_version": "0.11.8",
    "serial": 9,
    "lineage": "1206232c-a80b-f4bd-c4ee-38d45e0d9884",
    "modules": [
        {
            "path": [
                "root"
            ],
            "outputs": {
                "elb-dns-name": {
                    "sensitive": false,
                    "type": "string",
                    "value": "javahome-elb-1345375913.ap-south-1.elb.amazonaws.com"
                }
            },
            "resources": {
                "aws_elb.javahome-elb": {
                    "type": "aws_elb",
                    "depends_on": [
                        "aws_instance.webservers.*",
                        "aws_security_group.webservers",
                        "aws_subnet.public.*"
                    ],
                    "primary": {
                        "id": "javahome-elb",
                        "attributes": {
                            "access_logs.#": "0",
                            "arn": "arn:aws:elasticloadbalancing:ap-south-1:102049097812:loadbalancer/javahome-elb",
                            "availability_zones.#": "2",
                            "availability_zones.1163474009": "ap-south-1a",
                            "availability_zones.3696256483": "ap-south-1b",
                            "connection_draining": "true",
                            "connection_draining_timeout": "300",
                            "cross_zone_load_balancing": "true",
                            "dns_name": "javahome-elb-1345375913.ap-south-1.elb.amazonaws.com",
                            "health_check.#": "1",
                            "health_check.0.healthy_threshold": "2",
                            "health_check.0.interval": "10",
                            "health_check.0.target": "HTTP:80/index.html",
                            "health_check.0.timeout": "3",
                            "health_check.0.unhealthy_threshold": "2",
                            "id": "javahome-elb",
                            "idle_timeout": "100",
                            "instances.#": "2",
                            "instances.941670438": "i-03eefc0aaf3a7b8d8",
                            "instances.942073301": "i-0464ec5c6c30424ee",
                            "internal": "false",
                            "listener.#": "1",
                            "listener.3057123346.instance_port": "80",
                            "listener.3057123346.instance_protocol": "http",
                            "listener.3057123346.lb_port": "80",
                            "listener.3057123346.lb_protocol": "http",
                            "listener.3057123346.ssl_certificate_id": "",
                            "name": "javahome-elb",
                            "security_groups.#": "1",
                            "security_groups.3049568133": "sg-0839f68579f2aefcf",
                            "source_security_group": "102049097812/allow_http",
                            "source_security_group_id": "sg-0839f68579f2aefcf",
                            "subnets.#": "2",
                            "subnets.357225985": "subnet-0e677dd912ac5e976",
                            "subnets.671958764": "subnet-0fc5860314de6e263",
                            "tags.%": "1",
                            "tags.Name": "javahome-terraform-elb",
                            "zone_id": "ZP97RAFLXTNZK"
                        },
                        "meta": {},
                        "tainted": false
                    },
                    "deposed": [],
                    "provider": "provider.aws"
                },
                "aws_instance.webservers.0": {
                    "type": "aws_instance",
                    "depends_on": [
                        "aws_security_group.webservers",
                        "aws_subnet.public.*"
                    ],
                    "primary": {
                        "id": "i-0464ec5c6c30424ee",
                        "attributes": {
                            "ami": "ami-00b6a8a2bd28daf19",
                            "arn": "arn:aws:ec2:ap-south-1:102049097812:instance/i-0464ec5c6c30424ee",
                            "associate_public_ip_address": "true",
                            "availability_zone": "ap-south-1a",
                            "cpu_core_count": "1",
                            "cpu_threads_per_core": "1",
                            "credit_specification.#": "1",
                            "credit_specification.0.cpu_credits": "standard",
                            "disable_api_termination": "false",
                            "ebs_block_device.#": "0",
                            "ebs_optimized": "false",
                            "ephemeral_block_device.#": "0",
                            "get_password_data": "false",
                            "iam_instance_profile": "",
                            "id": "i-0464ec5c6c30424ee",
                            "instance_state": "running",
                            "instance_type": "t2.micro",
                            "ipv6_addresses.#": "0",
                            "key_name": "",
                            "monitoring": "false",
                            "network_interface.#": "0",
                            "network_interface_id": "eni-061b2ec8d9c5646af",
                            "password_data": "",
                            "placement_group": "",
                            "primary_network_interface_id": "eni-061b2ec8d9c5646af",
                            "private_dns": "ip-10-20-1-230.ap-south-1.compute.internal",
                            "private_ip": "10.20.1.230",
                            "public_dns": "",
                            "public_ip": "35.154.217.228",
                            "root_block_device.#": "1",
                            "root_block_device.0.delete_on_termination": "true",
                            "root_block_device.0.iops": "100",
                            "root_block_device.0.volume_id": "vol-04e5d2d5c1ae8d7c8",
                            "root_block_device.0.volume_size": "8",
                            "root_block_device.0.volume_type": "gp2",
                            "security_groups.#": "0",
                            "source_dest_check": "true",
                            "subnet_id": "subnet-0fc5860314de6e263",
                            "tags.%": "1",
                            "tags.Name": "Server-0",
                            "tenancy": "default",
                            "user_data": "6ec53633338a85a5292d4c8d96295b43ed93e15d",
                            "volume_tags.%": "0",
                            "vpc_security_group_ids.#": "1",
                            "vpc_security_group_ids.3049568133": "sg-0839f68579f2aefcf"
                        },
                        "meta": {
                            "e2bfb730-ecaa-11e6-8f88-34363bc7c4c0": {
                                "create": 600000000000,
                                "delete": 1200000000000,
                                "update": 600000000000
                            },
                            "schema_version": "1"
                        },
                        "tainted": false
                    },
                    "deposed": [],
                    "provider": "provider.aws"
                },
                "aws_instance.webservers.1": {
                    "type": "aws_instance",
                    "depends_on": [
                        "aws_security_group.webservers",
                        "aws_subnet.public.*"
                    ],
                    "primary": {
                        "id": "i-03eefc0aaf3a7b8d8",
                        "attributes": {
                            "ami": "ami-00b6a8a2bd28daf19",
                            "arn": "arn:aws:ec2:ap-south-1:102049097812:instance/i-03eefc0aaf3a7b8d8",
                            "associate_public_ip_address": "true",
                            "availability_zone": "ap-south-1b",
                            "cpu_core_count": "1",
                            "cpu_threads_per_core": "1",
                            "credit_specification.#": "1",
                            "credit_specification.0.cpu_credits": "standard",
                            "disable_api_termination": "false",
                            "ebs_block_device.#": "0",
                            "ebs_optimized": "false",
                            "ephemeral_block_device.#": "0",
                            "get_password_data": "false",
                            "iam_instance_profile": "",
                            "id": "i-03eefc0aaf3a7b8d8",
                            "instance_state": "running",
                            "instance_type": "t2.micro",
                            "ipv6_addresses.#": "0",
                            "key_name": "",
                            "monitoring": "false",
                            "network_interface.#": "0",
                            "network_interface_id": "eni-0cf5c6907db6e019c",
                            "password_data": "",
                            "placement_group": "",
                            "primary_network_interface_id": "eni-0cf5c6907db6e019c",
                            "private_dns": "ip-10-20-2-15.ap-south-1.compute.internal",
                            "private_ip": "10.20.2.15",
                            "public_dns": "",
                            "public_ip": "13.127.165.153",
                            "root_block_device.#": "1",
                            "root_block_device.0.delete_on_termination": "true",
                            "root_block_device.0.iops": "100",
                            "root_block_device.0.volume_id": "vol-0f2f8f07ef9597492",
                            "root_block_device.0.volume_size": "8",
                            "root_block_device.0.volume_type": "gp2",
                            "security_groups.#": "0",
                            "source_dest_check": "true",
                            "subnet_id": "subnet-0e677dd912ac5e976",
                            "tags.%": "1",
                            "tags.Name": "Server-1",
                            "tenancy": "default",
                            "user_data": "6ec53633338a85a5292d4c8d96295b43ed93e15d",
                            "volume_tags.%": "0",
                            "vpc_security_group_ids.#": "1",
                            "vpc_security_group_ids.3049568133": "sg-0839f68579f2aefcf"
                        },
                        "meta": {
                            "e2bfb730-ecaa-11e6-8f88-34363bc7c4c0": {
                                "create": 600000000000,
                                "delete": 1200000000000,
                                "update": 600000000000
                            },
                            "schema_version": "1"
                        },
                        "tainted": false
                    },
                    "deposed": [],
                    "provider": "provider.aws"
                },
                "aws_internet_gateway.javahome_igw": {
                    "type": "aws_internet_gateway",
                    "depends_on": [
                        "aws_vpc.javahome_vpc"
                    ],
                    "primary": {
                        "id": "igw-06ed6854736c0ae29",
                        "attributes": {
                            "id": "igw-06ed6854736c0ae29",
                            "tags.%": "1",
                            "tags.Name": "main",
                            "vpc_id": "vpc-0190e4f879a0d6eb2"
                        },
                        "meta": {},
                        "tainted": false
                    },
                    "deposed": [],
                    "provider": "provider.aws"
                },
                "aws_route_table.public_rt": {
                    "type": "aws_route_table",
                    "depends_on": [
                        "aws_internet_gateway.javahome_igw",
                        "aws_vpc.javahome_vpc"
                    ],
                    "primary": {
                        "id": "rtb-0126a20c99bfbadcf",
                        "attributes": {
                            "id": "rtb-0126a20c99bfbadcf",
                            "propagating_vgws.#": "0",
                            "route.#": "1",
                            "route.3158203502.cidr_block": "0.0.0.0/0",
                            "route.3158203502.egress_only_gateway_id": "",
                            "route.3158203502.gateway_id": "igw-06ed6854736c0ae29",
                            "route.3158203502.instance_id": "",
                            "route.3158203502.ipv6_cidr_block": "",
                            "route.3158203502.nat_gateway_id": "",
                            "route.3158203502.network_interface_id": "",
                            "route.3158203502.vpc_peering_connection_id": "",
                            "tags.%": "1",
                            "tags.Name": "PublicRT",
                            "vpc_id": "vpc-0190e4f879a0d6eb2"
                        },
                        "meta": {},
                        "tainted": false
                    },
                    "deposed": [],
                    "provider": "provider.aws"
                },
                "aws_route_table_association.a.0": {
                    "type": "aws_route_table_association",
                    "depends_on": [
                        "aws_route_table.public_rt",
                        "aws_subnet.public.*"
                    ],
                    "primary": {
                        "id": "rtbassoc-0f0e2c4ec7d6a4239",
                        "attributes": {
                            "id": "rtbassoc-0f0e2c4ec7d6a4239",
                            "route_table_id": "rtb-0126a20c99bfbadcf",
                            "subnet_id": "subnet-0fc5860314de6e263"
                        },
                        "meta": {},
                        "tainted": false
                    },
                    "deposed": [],
                    "provider": "provider.aws"
                },
                "aws_route_table_association.a.1": {
                    "type": "aws_route_table_association",
                    "depends_on": [
                        "aws_route_table.public_rt",
                        "aws_subnet.public.*"
                    ],
                    "primary": {
                        "id": "rtbassoc-0bc313b21b42dbce6",
                        "attributes": {
                            "id": "rtbassoc-0bc313b21b42dbce6",
                            "route_table_id": "rtb-0126a20c99bfbadcf",
                            "subnet_id": "subnet-0e677dd912ac5e976"
                        },
                        "meta": {},
                        "tainted": false
                    },
                    "deposed": [],
                    "provider": "provider.aws"
                },
                "aws_security_group.webservers": {
                    "type": "aws_security_group",
                    "depends_on": [
                        "aws_vpc.javahome_vpc"
                    ],
                    "primary": {
                        "id": "sg-0839f68579f2aefcf",
                        "attributes": {
                            "arn": "arn:aws:ec2:ap-south-1:102049097812:security-group/sg-0839f68579f2aefcf",
                            "description": "Allow http inbound traffic",
                            "egress.#": "1",
                            "egress.482069346.cidr_blocks.#": "1",
                            "egress.482069346.cidr_blocks.0": "0.0.0.0/0",
                            "egress.482069346.description": "",
                            "egress.482069346.from_port": "0",
                            "egress.482069346.ipv6_cidr_blocks.#": "0",
                            "egress.482069346.prefix_list_ids.#": "0",
                            "egress.482069346.protocol": "-1",
                            "egress.482069346.security_groups.#": "0",
                            "egress.482069346.self": "false",
                            "egress.482069346.to_port": "0",
                            "id": "sg-0839f68579f2aefcf",
                            "ingress.#": "1",
                            "ingress.2214680975.cidr_blocks.#": "1",
                            "ingress.2214680975.cidr_blocks.0": "0.0.0.0/0",
                            "ingress.2214680975.description": "",
                            "ingress.2214680975.from_port": "80",
                            "ingress.2214680975.ipv6_cidr_blocks.#": "0",
                            "ingress.2214680975.protocol": "tcp",
                            "ingress.2214680975.security_groups.#": "0",
                            "ingress.2214680975.self": "false",
                            "ingress.2214680975.to_port": "80",
                            "name": "allow_http",
                            "owner_id": "102049097812",
                            "revoke_rules_on_delete": "false",
                            "tags.%": "0",
                            "vpc_id": "vpc-0190e4f879a0d6eb2"
                        },
                        "meta": {
                            "e2bfb730-ecaa-11e6-8f88-34363bc7c4c0": {
                                "create": 600000000000,
                                "delete": 600000000000
                            },
                            "schema_version": "1"
                        },
                        "tainted": false
                    },
                    "deposed": [],
                    "provider": "provider.aws"
                },
                "aws_subnet.public.0": {
                    "type": "aws_subnet",
                    "depends_on": [
                        "aws_vpc.javahome_vpc"
                    ],
                    "primary": {
                        "id": "subnet-0fc5860314de6e263",
                        "attributes": {
                            "arn": "arn:aws:ec2:ap-south-1:102049097812:subnet/subnet-0fc5860314de6e263",
                            "assign_ipv6_address_on_creation": "false",
                            "availability_zone": "ap-south-1a",
                            "cidr_block": "10.20.1.0/24",
                            "id": "subnet-0fc5860314de6e263",
                            "map_public_ip_on_launch": "true",
                            "tags.%": "1",
                            "tags.Name": "Subnet-1",
                            "vpc_id": "vpc-0190e4f879a0d6eb2"
                        },
                        "meta": {
                            "schema_version": "1"
                        },
                        "tainted": false
                    },
                    "deposed": [],
                    "provider": "provider.aws"
                },
                "aws_subnet.public.1": {
                    "type": "aws_subnet",
                    "depends_on": [
                        "aws_vpc.javahome_vpc"
                    ],
                    "primary": {
                        "id": "subnet-0e677dd912ac5e976",
                        "attributes": {
                            "arn": "arn:aws:ec2:ap-south-1:102049097812:subnet/subnet-0e677dd912ac5e976",
                            "assign_ipv6_address_on_creation": "false",
                            "availability_zone": "ap-south-1b",
                            "cidr_block": "10.20.2.0/24",
                            "id": "subnet-0e677dd912ac5e976",
                            "map_public_ip_on_launch": "true",
                            "tags.%": "1",
                            "tags.Name": "Subnet-2",
                            "vpc_id": "vpc-0190e4f879a0d6eb2"
                        },
                        "meta": {
                            "schema_version": "1"
                        },
                        "tainted": false
                    },
                    "deposed": [],
                    "provider": "provider.aws"
                },
                "aws_vpc.javahome_vpc": {
                    "type": "aws_vpc",
                    "depends_on": [],
                    "primary": {
                        "id": "vpc-0190e4f879a0d6eb2",
                        "attributes": {
                            "arn": "arn:aws:ec2:ap-south-1:102049097812:vpc/vpc-0190e4f879a0d6eb2",
                            "assign_generated_ipv6_cidr_block": "false",
                            "cidr_block": "10.20.0.0/16",
                            "default_network_acl_id": "acl-0795bf160365fdd4a",
                            "default_route_table_id": "rtb-08063379c876e4cf5",
                            "default_security_group_id": "sg-0890852603ca286ba",
                            "dhcp_options_id": "dopt-5285823a",
                            "enable_dns_hostnames": "false",
                            "enable_dns_support": "true",
                            "id": "vpc-0190e4f879a0d6eb2",
                            "instance_tenancy": "default",
                            "main_route_table_id": "rtb-08063379c876e4cf5",
                            "tags.%": "1",
                            "tags.Name": "JavaHomeVPC"
                        },
                        "meta": {
                            "schema_version": "1"
                        },
                        "tainted": false
                    },
                    "deposed": [],
                    "provider": "provider.aws"
                }
            },
            "depends_on": []
        }
    ]
}
